
Microsoft Visual Studio Solution File, Format Version 12.00
# Visual Studio Version 16
VisualStudioVersion = 16.0.30114.105
MinimumVisualStudioVersion = 10.0.40219.1
Project("{FAE04EC0-301F-11D3-BF4B-00C04F79EFBC}") = "YoloDotNetApi", "YoloDotNetApi\YoloDotNetApi.csproj", "{1C1F9B95-C583-4E76-9AD9-3D6EC8C56210}"
EndProject
Global
	GlobalSection(SolutionConfigurationPlatforms) = preSolution
		Debug|Any CPU = Debug|Any CPU
		Release|Any CPU = Release|Any CPU
	EndGlobalSection
	GlobalSection(ProjectConfigurationPlatforms) = postSolution
		{1C1F9B95-C583-4E76-9AD9-3D6EC8C56210}.Debug|Any CPU.ActiveCfg = Debug|Any CPU
		{1C1F9B95-C583-4E76-9AD9-3D6EC8C56210}.Debug|Any CPU.Build.0 = Debug|Any CPU
		{1C1F9B95-C583-4E76-9AD9-3D6EC8C56210}.Release|Any CPU.ActiveCfg = Release|Any CPU
		{1C1F9B95-C583-4E76-9AD9-3D6EC8C56210}.Release|Any CPU.Build.0 = Release|Any CPU
	EndGlobalSection
	GlobalSection(SolutionProperties) = preSolution
		HideSolutionNode = FALSE
	EndGlobalSection
	GlobalSection(ExtensibilityGlobals) = postSolution
		SolutionGuid = {EF23A2B6-2639-4E4B-B2DD-3C4BE52544B8}
	EndGlobalSection
EndGlobal
